
Microsoft Visual Studio Solution File, Format Version 12.00
# Visual Studio Version 17
VisualStudioVersion = 17.13.35931.197
MinimumVisualStudioVersion = 10.0.40219.1
Project("{FAE04EC0-301F-11D3-BF4B-00C04F79EFBC}") = "FieldEventManagementSystem", "FieldEventManagementSystem.csproj", "{6E6706AE-8078-4906-8840-3B0F5340146A}"
EndProject
Project("{FAE04EC0-301F-11D3-BF4B-00C04F79EFBC}") = "DAL", "..\DAL\DAL.csproj", "{0753DD8D-AE2B-47E8-97BA-D4D3B971F6BD}"
EndProject
Project("{FAE04EC0-301F-11D3-BF4B-00C04F79EFBC}") = "BL", "..\BL\BL.csproj", "{757FC099-93BF-43F6-8663-81E789F41424}"
EndProject
Global
	GlobalSection(SolutionConfigurationPlatforms) = preSolution
		Debug|Any CPU = Debug|Any CPU
		Release|Any CPU = Release|Any CPU
	EndGlobalSection
	GlobalSection(ProjectConfigurationPlatforms) = postSolution
		{6E6706AE-8078-4906-8840-3B0F5340146A}.Debug|Any CPU.ActiveCfg = Debug|Any CPU
		{6E6706AE-8078-4906-8840-3B0F5340146A}.Debug|Any CPU.Build.0 = Debug|Any CPU
		{6E6706AE-8078-4906-8840-3B0F5340146A}.Release|Any CPU.ActiveCfg = Release|Any CPU
		{6E6706AE-8078-4906-8840-3B0F5340146A}.Release|Any CPU.Build.0 = Release|Any CPU
		{0753DD8D-AE2B-47E8-97BA-D4D3B971F6BD}.Debug|Any CPU.ActiveCfg = Debug|Any CPU
		{0753DD8D-AE2B-47E8-97BA-D4D3B971F6BD}.Debug|Any CPU.Build.0 = Debug|Any CPU
		{0753DD8D-AE2B-47E8-97BA-D4D3B971F6BD}.Release|Any CPU.ActiveCfg = Release|Any CPU
		{0753DD8D-AE2B-47E8-97BA-D4D3B971F6BD}.Release|Any CPU.Build.0 = Release|Any CPU
		{757FC099-93BF-43F6-8663-81E789F41424}.Debug|Any CPU.ActiveCfg = Debug|Any CPU
		{757FC099-93BF-43F6-8663-81E789F41424}.Debug|Any CPU.Build.0 = Debug|Any CPU
		{757FC099-93BF-43F6-8663-81E789F41424}.Release|Any CPU.ActiveCfg = Release|Any CPU
		{757FC099-93BF-43F6-8663-81E789F41424}.Release|Any CPU.Build.0 = Release|Any CPU
	EndGlobalSection
	GlobalSection(SolutionProperties) = preSolution
		HideSolutionNode = FALSE
	EndGlobalSection
	GlobalSection(ExtensibilityGlobals) = postSolution
		SolutionGuid = {A632DD56-1366-43F3-9321-4CC404E3EE2A}
	EndGlobalSection
EndGlobal
